
Microsoft Visual Studio Solution File, Format Version 12.00
# Visual Studio Version 17
VisualStudioVersion = 17.14.36518.9 d17.14
MinimumVisualStudioVersion = 10.0.40219.1
Project("{FAE04EC0-301F-11D3-BF4B-00C04F79EFBC}") = "BioMetrixDatabase", "BioMetrixDatabase\BioMetrixDatabase.csproj", "{DA05696E-8F0E-4669-9A74-7DE49ABBCDFF}"
EndProject
Global
	GlobalSection(SolutionConfigurationPlatforms) = preSolution
		Debug|Any CPU = Debug|Any CPU
		Release|Any CPU = Release|Any CPU
	EndGlobalSection
	GlobalSection(ProjectConfigurationPlatforms) = postSolution
		{DA05696E-8F0E-4669-9A74-7DE49ABBCDFF}.Debug|Any CPU.ActiveCfg = Debug|Any CPU
		{DA05696E-8F0E-4669-9A74-7DE49ABBCDFF}.Debug|Any CPU.Build.0 = Debug|Any CPU
		{DA05696E-8F0E-4669-9A74-7DE49ABBCDFF}.Release|Any CPU.ActiveCfg = Release|Any CPU
		{DA05696E-8F0E-4669-9A74-7DE49ABBCDFF}.Release|Any CPU.Build.0 = Release|Any CPU
	EndGlobalSection
	GlobalSection(SolutionProperties) = preSolution
		HideSolutionNode = FALSE
	EndGlobalSection
	GlobalSection(ExtensibilityGlobals) = postSolution
		SolutionGuid = {40F59A53-8422-4FCB-9263-1C6FD62ED9B7}
	EndGlobalSection
EndGlobal
